
Microsoft Visual Studio Solution File, Format Version 12.00
# Visual Studio Version 16
VisualStudioVersion = 16.0.30611.23
MinimumVisualStudioVersion = 10.0.40219.1
Project("{FAE04EC0-301F-11D3-BF4B-00C04F79EFBC}") = "RealRaids", "RealRaids.csproj", "{984B2963-F81B-481B-B434-A31A5463B6AF}"
EndProject
Global
	GlobalSection(SolutionConfigurationPlatforms) = preSolution
		Debug|Any CPU = Debug|Any CPU
		Release|Any CPU = Release|Any CPU
	EndGlobalSection
	GlobalSection(ProjectConfigurationPlatforms) = postSolution
		{984B2963-F81B-481B-B434-A31A5463B6AF}.Debug|Any CPU.ActiveCfg = Debug|Any CPU
		{984B2963-F81B-481B-B434-A31A5463B6AF}.Debug|Any CPU.Build.0 = Debug|Any CPU
		{984B2963-F81B-481B-B434-A31A5463B6AF}.Release|Any CPU.ActiveCfg = Release|Any CPU
		{984B2963-F81B-481B-B434-A31A5463B6AF}.Release|Any CPU.Build.0 = Release|Any CPU
	EndGlobalSection
	GlobalSection(SolutionProperties) = preSolution
		HideSolutionNode = FALSE
	EndGlobalSection
	GlobalSection(ExtensibilityGlobals) = postSolution
		SolutionGuid = {4FAA5D44-2D4E-4FED-86EC-1C6DE08B2869}
	EndGlobalSection
EndGlobal
